
Microsoft Visual Studio Solution File, Format Version 12.00
# Visual Studio 14
VisualStudioVersion = 14.0.25420.1
MinimumVisualStudioVersion = 10.0.40219.1
Project("{FAE04EC0-301F-11D3-BF4B-00C04F79EFBC}") = "storeman", "storeman\storeman.csproj", "{CA062B4D-E916-4E06-88C2-CE846503E4C8}"
EndProject
Project("{54435603-DBB4-11D2-8724-00A0C9A8B90C}") = "StoremanSetup", "StoremanSetup\StoremanSetup.vdproj", "{6A310CC6-A55F-4025-B4A2-07F47377F04C}"
EndProject
Global
	GlobalSection(SolutionConfigurationPlatforms) = preSolution
		Debug|Any CPU = Debug|Any CPU
		Release|Any CPU = Release|Any CPU
	EndGlobalSection
	GlobalSection(ProjectConfigurationPlatforms) = postSolution
		{CA062B4D-E916-4E06-88C2-CE846503E4C8}.Debug|Any CPU.ActiveCfg = Debug|Any CPU
		{CA062B4D-E916-4E06-88C2-CE846503E4C8}.Debug|Any CPU.Build.0 = Debug|Any CPU
		{CA062B4D-E916-4E06-88C2-CE846503E4C8}.Debug|Any CPU.Deploy.0 = Debug|Any CPU
		{CA062B4D-E916-4E06-88C2-CE846503E4C8}.Release|Any CPU.ActiveCfg = Release|Any CPU
		{CA062B4D-E916-4E06-88C2-CE846503E4C8}.Release|Any CPU.Build.0 = Release|Any CPU
		{6A310CC6-A55F-4025-B4A2-07F47377F04C}.Debug|Any CPU.ActiveCfg = Debug
		{6A310CC6-A55F-4025-B4A2-07F47377F04C}.Release|Any CPU.ActiveCfg = Release
	EndGlobalSection
	GlobalSection(SolutionProperties) = preSolution
		HideSolutionNode = FALSE
	EndGlobalSection
EndGlobal
